// !$*UTF8*$!
{
	archiveVersion = 1;
	classes = {
	};
	objectVersion = 46;
	objects = {

/* Begin PBXBuildFile section */
		8535FD3BFB8249AA95D8689E /* libPods-CJWUtils.a in Frameworks */ = {isa = PBXBuildFile; fileRef = E4A58085B8D647319DB18614 /* libPods-CJWUtils.a */; };
		B62935FF19E7829000EC9E44 /* CJWQRCode.m in Sources */ = {isa = PBXBuildFile; fileRef = B62935FE19E7829000EC9E44 /* CJWQRCode.m */; };
		B629360519E7B24D00EC9E44 /* UITableView+CJWTabelView.m in Sources */ = {isa = PBXBuildFile; fileRef = B629360419E7B24D00EC9E44 /* UITableView+CJWTabelView.m */; };
		B63B8FC319EA50E60075B8A0 /* RNCryptor.m in Sources */ = {isa = PBXBuildFile; fileRef = B63B8FBC19EA50E60075B8A0 /* RNCryptor.m */; };
		B63B8FC419EA50E60075B8A0 /* RNCryptorEngine.m in Sources */ = {isa = PBXBuildFile; fileRef = B63B8FBE19EA50E60075B8A0 /* RNCryptorEngine.m */; };
		B63B8FC519EA50E60075B8A0 /* RNDecryptor.m in Sources */ = {isa = PBXBuildFile; fileRef = B63B8FC019EA50E60075B8A0 /* RNDecryptor.m */; };
		B63B8FC619EA50E60075B8A0 /* RNEncryptor.m in Sources */ = {isa = PBXBuildFile; fileRef = B63B8FC219EA50E60075B8A0 /* RNEncryptor.m */; };
		B63B8FE619EA5F520075B8A0 /* .gitignore in Resources */ = {isa = PBXBuildFile; fileRef = B63B8FDB19EA5F520075B8A0 /* .gitignore */; };
		B63B8FE719EA5F520075B8A0 /* AESCrypt.m in Sources */ = {isa = PBXBuildFile; fileRef = B63B8FDD19EA5F520075B8A0 /* AESCrypt.m */; };
		B63B8FE819EA5F520075B8A0 /* LICENSE in Resources */ = {isa = PBXBuildFile; fileRef = B63B8FDE19EA5F520075B8A0 /* LICENSE */; };
		B63B8FE919EA5F520075B8A0 /* NSData+Base64.m in Sources */ = {isa = PBXBuildFile; fileRef = B63B8FE019EA5F520075B8A0 /* NSData+Base64.m */; };
		B63B8FEA19EA5F520075B8A0 /* NSData+CommonCrypto.m in Sources */ = {isa = PBXBuildFile; fileRef = B63B8FE219EA5F520075B8A0 /* NSData+CommonCrypto.m */; };
		B63B8FEB19EA5F520075B8A0 /* NSString+Base64.m in Sources */ = {isa = PBXBuildFile; fileRef = B63B8FE419EA5F520075B8A0 /* NSString+Base64.m */; };
		B63B8FEC19EA5F520075B8A0 /* README.md in Sources */ = {isa = PBXBuildFile; fileRef = B63B8FE519EA5F520075B8A0 /* README.md */; };
		B64D42421A15FD8500ACDCA7 /* UILabel+CJWLabel.m in Sources */ = {isa = PBXBuildFile; fileRef = B64D42411A15FD8500ACDCA7 /* UILabel+CJWLabel.m */; };
		B64EDE6519EBA2A300B529B5 /* OpenUDID.m in Sources */ = {isa = PBXBuildFile; fileRef = B64EDE6319EBA2A300B529B5 /* OpenUDID.m */; settings = {COMPILER_FLAGS = "-fno-objc-arc"; }; };
		B64EDE6619EBA2A300B529B5 /* README.md in Sources */ = {isa = PBXBuildFile; fileRef = B64EDE6419EBA2A300B529B5 /* README.md */; };
		B68BA24319EB773000F1BF6A /* CJWCrypt.m in Sources */ = {isa = PBXBuildFile; fileRef = B68BA24219EB773000F1BF6A /* CJWCrypt.m */; };
		B694A11319ECF1A500874196 /* Reachability.m in Sources */ = {isa = PBXBuildFile; fileRef = B694A11219ECF1A500874196 /* Reachability.m */; };
		B6A0B1C519E9201000D44554 /* UIColor+FlatUI.m in Sources */ = {isa = PBXBuildFile; fileRef = B6A0B1C419E9201000D44554 /* UIColor+FlatUI.m */; };
		B6A0B1D019E931E800D44554 /* CJWUserManager.m in Sources */ = {isa = PBXBuildFile; fileRef = B6A0B1CF19E931E800D44554 /* CJWUserManager.m */; };
		B6B5A9FF1A0B0B48005A96E1 /* CJWVersion.m in Sources */ = {isa = PBXBuildFile; fileRef = B6B5A9FE1A0B0B48005A96E1 /* CJWVersion.m */; };
		B6B5AA021A0B1324005A96E1 /* AppInfoManager.m in Sources */ = {isa = PBXBuildFile; fileRef = B6B5AA011A0B1324005A96E1 /* AppInfoManager.m */; };
		B6BB711E19E659DE0001088F /* main.m in Sources */ = {isa = PBXBuildFile; fileRef = B6BB711D19E659DE0001088F /* main.m */; };
		B6BB712119E659DE0001088F /* AppDelegate.m in Sources */ = {isa = PBXBuildFile; fileRef = B6BB712019E659DE0001088F /* AppDelegate.m */; };
		B6BB712419E659DE0001088F /* ViewController.m in Sources */ = {isa = PBXBuildFile; fileRef = B6BB712319E659DE0001088F /* ViewController.m */; };
		B6BB712719E659DE0001088F /* Main.storyboard in Resources */ = {isa = PBXBuildFile; fileRef = B6BB712519E659DE0001088F /* Main.storyboard */; };
		B6BB712919E659DE0001088F /* Images.xcassets in Resources */ = {isa = PBXBuildFile; fileRef = B6BB712819E659DE0001088F /* Images.xcassets */; };
		B6BB712C19E659DE0001088F /* LaunchScreen.xib in Resources */ = {isa = PBXBuildFile; fileRef = B6BB712A19E659DE0001088F /* LaunchScreen.xib */; };
		B6BB713819E659DE0001088F /* CJWUtilsTests.m in Sources */ = {isa = PBXBuildFile; fileRef = B6BB713719E659DE0001088F /* CJWUtilsTests.m */; };
		B6BB714419E65E260001088F /* SDNetworkActivityIndicator.m in Sources */ = {isa = PBXBuildFile; fileRef = B6BB714319E65E260001088F /* SDNetworkActivityIndicator.m */; };
		B6BB715519E66F8E0001088F /* CJWAlert.m in Sources */ = {isa = PBXBuildFile; fileRef = B6BB714A19E66F8E0001088F /* CJWAlert.m */; };
		B6BB715619E66F8E0001088F /* CJWCacheUtils.m in Sources */ = {isa = PBXBuildFile; fileRef = B6BB714C19E66F8E0001088F /* CJWCacheUtils.m */; };
		B6BB715719E66F8E0001088F /* CJWHttpUtils.m in Sources */ = {isa = PBXBuildFile; fileRef = B6BB714E19E66F8E0001088F /* CJWHttpUtils.m */; };
		B6BB715819E66F8E0001088F /* CJWNetworkActivityIndicator.m in Sources */ = {isa = PBXBuildFile; fileRef = B6BB715019E66F8E0001088F /* CJWNetworkActivityIndicator.m */; };
		B6BB715919E66F8E0001088F /* CJWProgressHUD.m in Sources */ = {isa = PBXBuildFile; fileRef = B6BB715219E66F8E0001088F /* CJWProgressHUD.m */; };
		B6BB715A19E66F8E0001088F /* NSString+Validate.m in Sources */ = {isa = PBXBuildFile; fileRef = B6BB715419E66F8E0001088F /* NSString+Validate.m */; };
		B6BB718719E676340001088F /* MJRefresh.bundle in Resources */ = {isa = PBXBuildFile; fileRef = B6BB717719E676340001088F /* MJRefresh.bundle */; };
		B6BB718819E676340001088F /* MJRefreshBaseView.m in Sources */ = {isa = PBXBuildFile; fileRef = B6BB717A19E676340001088F /* MJRefreshBaseView.m */; };
		B6BB718919E676340001088F /* MJRefreshConst.m in Sources */ = {isa = PBXBuildFile; fileRef = B6BB717C19E676340001088F /* MJRefreshConst.m */; };
		B6BB718A19E676340001088F /* MJRefreshFooterView.m in Sources */ = {isa = PBXBuildFile; fileRef = B6BB717E19E676340001088F /* MJRefreshFooterView.m */; };
		B6BB718B19E676340001088F /* MJRefreshHeaderView.m in Sources */ = {isa = PBXBuildFile; fileRef = B6BB718019E676340001088F /* MJRefreshHeaderView.m */; };
		B6BB718C19E676340001088F /* UIScrollView+MJExtension.m in Sources */ = {isa = PBXBuildFile; fileRef = B6BB718219E676340001088F /* UIScrollView+MJExtension.m */; };
		B6BB718D19E676340001088F /* UIScrollView+MJRefresh.m in Sources */ = {isa = PBXBuildFile; fileRef = B6BB718419E676340001088F /* UIScrollView+MJRefresh.m */; };
		B6BB718E19E676340001088F /* UIView+MJExtension.m in Sources */ = {isa = PBXBuildFile; fileRef = B6BB718619E676340001088F /* UIView+MJExtension.m */; };
		B6BB71A019E6774A0001088F /* bitstream.c in Sources */ = {isa = PBXBuildFile; fileRef = B6BB719019E6774A0001088F /* bitstream.c */; };
		B6BB71A119E6774A0001088F /* mask.c in Sources */ = {isa = PBXBuildFile; fileRef = B6BB719219E6774A0001088F /* mask.c */; };
		B6BB71A219E6774A0001088F /* QRCodeGenerator.m in Sources */ = {isa = PBXBuildFile; fileRef = B6BB719519E6774A0001088F /* QRCodeGenerator.m */; };
		B6BB71A319E6774A0001088F /* qrencode.c in Sources */ = {isa = PBXBuildFile; fileRef = B6BB719619E6774A0001088F /* qrencode.c */; };
		B6BB71A419E6774A0001088F /* qrinput.c in Sources */ = {isa = PBXBuildFile; fileRef = B6BB719819E6774A0001088F /* qrinput.c */; };
		B6BB71A519E6774A0001088F /* qrspec.c in Sources */ = {isa = PBXBuildFile; fileRef = B6BB719A19E6774A0001088F /* qrspec.c */; };
		B6BB71A619E6774A0001088F /* rscode.c in Sources */ = {isa = PBXBuildFile; fileRef = B6BB719C19E6774A0001088F /* rscode.c */; };
		B6BB71A719E6774A0001088F /* split.c in Sources */ = {isa = PBXBuildFile; fileRef = B6BB719E19E6774A0001088F /* split.c */; };
		B6BB71AE19E678000001088F /* Base64.m in Sources */ = {isa = PBXBuildFile; fileRef = B6BB71AA19E678000001088F /* Base64.m */; settings = {COMPILER_FLAGS = "-fno-objc-arc"; }; };
		B6BB71AF19E678000001088F /* CJWDesEncrypt.m in Sources */ = {isa = PBXBuildFile; fileRef = B6BB71AD19E678000001088F /* CJWDesEncrypt.m */; };
		B6BB71B719E6823D0001088F /* UIImageView+CJWImage.m in Sources */ = {isa = PBXBuildFile; fileRef = B6BB71B619E6823D0001088F /* UIImageView+CJWImage.m */; };
		B6F1C7C219E8CCE9002E459D /* CJWEncode.m in Sources */ = {isa = PBXBuildFile; fileRef = B6F1C7C119E8CCE9002E459D /* CJWEncode.m */; };
/* End PBXBuildFile section */

/* Begin PBXContainerItemProxy section */
		B6BB713219E659DE0001088F /* PBXContainerItemProxy */ = {
			isa = PBXContainerItemProxy;
			containerPortal = B6BB711019E659DE0001088F /* Project object */;
			proxyType = 1;
			remoteGlobalIDString = B6BB711719E659DE0001088F;
			remoteInfo = CJWUtils;
		};
/* End PBXContainerItemProxy section */

/* Begin PBXFileReference section */
		4527588CDE644CD4A94FA37F /* Pods-CJWUtils.xcconfig */ = {isa = PBXFileReference; includeInIndex = 1; lastKnownFileType = text.xcconfig; name = "Pods-CJWUtils.xcconfig"; path = "Pods/Pods-CJWUtils.xcconfig"; sourceTree = "<group>"; };
		B62935FD19E7829000EC9E44 /* CJWQRCode.h */ = {isa = PBXFileReference; fileEncoding = 4; lastKnownFileType = sourcecode.c.h; path = CJWQRCode.h; sourceTree = "<group>"; };
		B62935FE19E7829000EC9E44 /* CJWQRCode.m */ = {isa = PBXFileReference; fileEncoding = 4; lastKnownFileType = sourcecode.c.objc; path = CJWQRCode.m; sourceTree = "<group>"; };
		B629360319E7B24D00EC9E44 /* UITableView+CJWTabelView.h */ = {isa = PBXFileReference; fileEncoding = 4; lastKnownFileType = sourcecode.c.h; path = "UITableView+CJWTabelView.h"; sourceTree = "<group>"; };
		B629360419E7B24D00EC9E44 /* UITableView+CJWTabelView.m */ = {isa = PBXFileReference; fileEncoding = 4; lastKnownFileType = sourcecode.c.objc; path = "UITableView+CJWTabelView.m"; sourceTree = "<group>"; };
		B63B8FB919EA50E60075B8A0 /* RNCryptor+Private.h */ = {isa = PBXFileReference; fileEncoding = 4; lastKnownFileType = sourcecode.c.h; path = "RNCryptor+Private.h"; sourceTree = "<group>"; };
		B63B8FBA19EA50E60075B8A0 /* RNCryptor-Prefix.pch */ = {isa = PBXFileReference; fileEncoding = 4; lastKnownFileType = sourcecode.c.h; path = "RNCryptor-Prefix.pch"; sourceTree = "<group>"; };
		B63B8FBB19EA50E60075B8A0 /* RNCryptor.h */ = {isa = PBXFileReference; fileEncoding = 4; lastKnownFileType = sourcecode.c.h; path = RNCryptor.h; sourceTree = "<group>"; };
		B63B8FBC19EA50E60075B8A0 /* RNCryptor.m */ = {isa = PBXFileReference; fileEncoding = 4; lastKnownFileType = sourcecode.c.objc; path = RNCryptor.m; sourceTree = "<group>"; };
		B63B8FBD19EA50E60075B8A0 /* RNCryptorEngine.h */ = {isa = PBXFileReference; fileEncoding = 4; lastKnownFileType = sourcecode.c.h; path = RNCryptorEngine.h; sourceTree = "<group>"; };
		B63B8FBE19EA50E60075B8A0 /* RNCryptorEngine.m */ = {isa = PBXFileReference; fileEncoding = 4; lastKnownFileType = sourcecode.c.objc; path = RNCryptorEngine.m; sourceTree = "<group>"; };
		B63B8FBF19EA50E60075B8A0 /* RNDecryptor.h */ = {isa = PBXFileReference; fileEncoding = 4; lastKnownFileType = sourcecode.c.h; path = RNDecryptor.h; sourceTree = "<group>"; };
		B63B8FC019EA50E60075B8A0 /* RNDecryptor.m */ = {isa = PBXFileReference; fileEncoding = 4; lastKnownFileType = sourcecode.c.objc; path = RNDecryptor.m; sourceTree = "<group>"; };
		B63B8FC119EA50E60075B8A0 /* RNEncryptor.h */ = {isa = PBXFileReference; fileEncoding = 4; lastKnownFileType = sourcecode.c.h; path = RNEncryptor.h; sourceTree = "<group>"; };
		B63B8FC219EA50E60075B8A0 /* RNEncryptor.m */ = {isa = PBXFileReference; fileEncoding = 4; lastKnownFileType = sourcecode.c.objc; path = RNEncryptor.m; sourceTree = "<group>"; };
		B63B8FDB19EA5F520075B8A0 /* .gitignore */ = {isa = PBXFileReference; fileEncoding = 4; lastKnownFileType = text; path = .gitignore; sourceTree = "<group>"; };
		B63B8FDC19EA5F520075B8A0 /* AESCrypt.h */ = {isa = PBXFileReference; fileEncoding = 4; lastKnownFileType = sourcecode.c.h; path = AESCrypt.h; sourceTree = "<group>"; };
		B63B8FDD19EA5F520075B8A0 /* AESCrypt.m */ = {isa = PBXFileReference; fileEncoding = 4; lastKnownFileType = sourcecode.c.objc; path = AESCrypt.m; sourceTree = "<group>"; };
		B63B8FDE19EA5F520075B8A0 /* LICENSE */ = {isa = PBXFileReference; fileEncoding = 4; lastKnownFileType = text; path = LICENSE; sourceTree = "<group>"; };
		B63B8FDF19EA5F520075B8A0 /* NSData+Base64.h */ = {isa = PBXFileReference; fileEncoding = 4; lastKnownFileType = sourcecode.c.h; path = "NSData+Base64.h"; sourceTree = "<group>"; };
		B63B8FE019EA5F520075B8A0 /* NSData+Base64.m */ = {isa = PBXFileReference; fileEncoding = 4; lastKnownFileType = sourcecode.c.objc; path = "NSData+Base64.m"; sourceTree = "<group>"; };
		B63B8FE119EA5F520075B8A0 /* NSData+CommonCrypto.h */ = {isa = PBXFileReference; fileEncoding = 4; lastKnownFileType = sourcecode.c.h; path = "NSData+CommonCrypto.h"; sourceTree = "<group>"; };
		B63B8FE219EA5F520075B8A0 /* NSData+CommonCrypto.m */ = {isa = PBXFileReference; fileEncoding = 4; lastKnownFileType = sourcecode.c.objc; path = "NSData+CommonCrypto.m"; sourceTree = "<group>"; };
		B63B8FE319EA5F520075B8A0 /* NSString+Base64.h */ = {isa = PBXFileReference; fileEncoding = 4; lastKnownFileType = sourcecode.c.h; path = "NSString+Base64.h"; sourceTree = "<group>"; };
		B63B8FE419EA5F520075B8A0 /* NSString+Base64.m */ = {isa = PBXFileReference; fileEncoding = 4; lastKnownFileType = sourcecode.c.objc; path = "NSString+Base64.m"; sourceTree = "<group>"; };
		B63B8FE519EA5F520075B8A0 /* README.md */ = {isa = PBXFileReference; fileEncoding = 4; lastKnownFileType = net.daringfireball.markdown; path = README.md; sourceTree = "<group>"; };
		B64D42401A15FD8500ACDCA7 /* UILabel+CJWLabel.h */ = {isa = PBXFileReference; fileEncoding = 4; lastKnownFileType = sourcecode.c.h; path = "UILabel+CJWLabel.h"; sourceTree = "<group>"; };
		B64D42411A15FD8500ACDCA7 /* UILabel+CJWLabel.m */ = {isa = PBXFileReference; fileEncoding = 4; lastKnownFileType = sourcecode.c.objc; path = "UILabel+CJWLabel.m"; sourceTree = "<group>"; };
		B64EDE6219EBA2A300B529B5 /* OpenUDID.h */ = {isa = PBXFileReference; fileEncoding = 4; lastKnownFileType = sourcecode.c.h; path = OpenUDID.h; sourceTree = "<group>"; };
		B64EDE6319EBA2A300B529B5 /* OpenUDID.m */ = {isa = PBXFileReference; fileEncoding = 4; lastKnownFileType = sourcecode.c.objc; path = OpenUDID.m; sourceTree = "<group>"; };
		B64EDE6419EBA2A300B529B5 /* README.md */ = {isa = PBXFileReference; fileEncoding = 4; lastKnownFileType = net.daringfireball.markdown; path = README.md; sourceTree = "<group>"; };
		B68BA24119EB773000F1BF6A /* CJWCrypt.h */ = {isa = PBXFileReference; fileEncoding = 4; lastKnownFileType = sourcecode.c.h; path = CJWCrypt.h; sourceTree = "<group>"; };
		B68BA24219EB773000F1BF6A /* CJWCrypt.m */ = {isa = PBXFileReference; fileEncoding = 4; lastKnownFileType = sourcecode.c.objc; path = CJWCrypt.m; sourceTree = "<group>"; };
		B694A11119ECF1A500874196 /* Reachability.h */ = {isa = PBXFileReference; fileEncoding = 4; lastKnownFileType = sourcecode.c.h; path = Reachability.h; sourceTree = "<group>"; };
		B694A11219ECF1A500874196 /* Reachability.m */ = {isa = PBXFileReference; fileEncoding = 4; lastKnownFileType = sourcecode.c.objc; path = Reachability.m; sourceTree = "<group>"; };
		B6A0B1C319E9201000D44554 /* UIColor+FlatUI.h */ = {isa = PBXFileReference; fileEncoding = 4; lastKnownFileType = sourcecode.c.h; path = "UIColor+FlatUI.h"; sourceTree = "<group>"; };
		B6A0B1C419E9201000D44554 /* UIColor+FlatUI.m */ = {isa = PBXFileReference; fileEncoding = 4; lastKnownFileType = sourcecode.c.objc; path = "UIColor+FlatUI.m"; sourceTree = "<group>"; };
		B6A0B1CE19E931E800D44554 /* CJWUserManager.h */ = {isa = PBXFileReference; fileEncoding = 4; lastKnownFileType = sourcecode.c.h; path = CJWUserManager.h; sourceTree = "<group>"; };
		B6A0B1CF19E931E800D44554 /* CJWUserManager.m */ = {isa = PBXFileReference; fileEncoding = 4; lastKnownFileType = sourcecode.c.objc; path = CJWUserManager.m; sourceTree = "<group>"; };
		B6B5A9FD1A0B0B48005A96E1 /* CJWVersion.h */ = {isa = PBXFileReference; fileEncoding = 4; lastKnownFileType = sourcecode.c.h; path = CJWVersion.h; sourceTree = "<group>"; };
		B6B5A9FE1A0B0B48005A96E1 /* CJWVersion.m */ = {isa = PBXFileReference; fileEncoding = 4; lastKnownFileType = sourcecode.c.objc; path = CJWVersion.m; sourceTree = "<group>"; };
		B6B5AA001A0B1324005A96E1 /* AppInfoManager.h */ = {isa = PBXFileReference; fileEncoding = 4; lastKnownFileType = sourcecode.c.h; path = AppInfoManager.h; sourceTree = "<group>"; };
		B6B5AA011A0B1324005A96E1 /* AppInfoManager.m */ = {isa = PBXFileReference; fileEncoding = 4; lastKnownFileType = sourcecode.c.objc; path = AppInfoManager.m; sourceTree = "<group>"; };
		B6BB711819E659DE0001088F /* CJWUtils.app */ = {isa = PBXFileReference; explicitFileType = wrapper.application; includeInIndex = 0; path = CJWUtils.app; sourceTree = BUILT_PRODUCTS_DIR; };
		B6BB711C19E659DE0001088F /* Info.plist */ = {isa = PBXFileReference; lastKnownFileType = text.plist.xml; path = Info.plist; sourceTree = "<group>"; };
		B6BB711D19E659DE0001088F /* main.m */ = {isa = PBXFileReference; lastKnownFileType = sourcecode.c.objc; path = main.m; sourceTree = "<group>"; };
		B6BB711F19E659DE0001088F /* AppDelegate.h */ = {isa = PBXFileReference; lastKnownFileType = sourcecode.c.h; path = AppDelegate.h; sourceTree = "<group>"; };
		B6BB712019E659DE0001088F /* AppDelegate.m */ = {isa = PBXFileReference; lastKnownFileType = sourcecode.c.objc; path = AppDelegate.m; sourceTree = "<group>"; };
		B6BB712219E659DE0001088F /* ViewController.h */ = {isa = PBXFileReference; lastKnownFileType = sourcecode.c.h; path = ViewController.h; sourceTree = "<group>"; };
		B6BB712319E659DE0001088F /* ViewController.m */ = {isa = PBXFileReference; lastKnownFileType = sourcecode.c.objc; path = ViewController.m; sourceTree = "<group>"; };
		B6BB712619E659DE0001088F /* Base */ = {isa = PBXFileReference; lastKnownFileType = file.storyboard; name = Base; path = Base.lproj/Main.storyboard; sourceTree = "<group>"; };
		B6BB712819E659DE0001088F /* Images.xcassets */ = {isa = PBXFileReference; lastKnownFileType = folder.assetcatalog; path = Images.xcassets; sourceTree = "<group>"; };
		B6BB712B19E659DE0001088F /* Base */ = {isa = PBXFileReference; lastKnownFileType = file.xib; name = Base; path = Base.lproj/LaunchScreen.xib; sourceTree = "<group>"; };
		B6BB713119E659DE0001088F /* CJWUtilsTests.xctest */ = {isa = PBXFileReference; explicitFileType = wrapper.cfbundle; includeInIndex = 0; path = CJWUtilsTests.xctest; sourceTree = BUILT_PRODUCTS_DIR; };
		B6BB713619E659DE0001088F /* Info.plist */ = {isa = PBXFileReference; lastKnownFileType = text.plist.xml; path = Info.plist; sourceTree = "<group>"; };
		B6BB713719E659DE0001088F /* CJWUtilsTests.m */ = {isa = PBXFileReference; lastKnownFileType = sourcecode.c.objc; path = CJWUtilsTests.m; sourceTree = "<group>"; };
		B6BB714219E65E260001088F /* SDNetworkActivityIndicator.h */ = {isa = PBXFileReference; fileEncoding = 4; lastKnownFileType = sourcecode.c.h; path = SDNetworkActivityIndicator.h; sourceTree = "<group>"; };
		B6BB714319E65E260001088F /* SDNetworkActivityIndicator.m */ = {isa = PBXFileReference; fileEncoding = 4; lastKnownFileType = sourcecode.c.objc; path = SDNetworkActivityIndicator.m; sourceTree = "<group>"; };
		B6BB714919E66F8E0001088F /* CJWAlert.h */ = {isa = PBXFileReference; fileEncoding = 4; lastKnownFileType = sourcecode.c.h; path = CJWAlert.h; sourceTree = "<group>"; };
		B6BB714A19E66F8E0001088F /* CJWAlert.m */ = {isa = PBXFileReference; fileEncoding = 4; lastKnownFileType = sourcecode.c.objc; path = CJWAlert.m; sourceTree = "<group>"; };
		B6BB714B19E66F8E0001088F /* CJWCacheUtils.h */ = {isa = PBXFileReference; fileEncoding = 4; lastKnownFileType = sourcecode.c.h; path = CJWCacheUtils.h; sourceTree = "<group>"; };
		B6BB714C19E66F8E0001088F /* CJWCacheUtils.m */ = {isa = PBXFileReference; fileEncoding = 4; lastKnownFileType = sourcecode.c.objc; path = CJWCacheUtils.m; sourceTree = "<group>"; };
		B6BB714D19E66F8E0001088F /* CJWHttpUtils.h */ = {isa = PBXFileReference; fileEncoding = 4; lastKnownFileType = sourcecode.c.h; path = CJWHttpUtils.h; sourceTree = "<group>"; };
		B6BB714E19E66F8E0001088F /* CJWHttpUtils.m */ = {isa = PBXFileReference; fileEncoding = 4; lastKnownFileType = sourcecode.c.objc; path = CJWHttpUtils.m; sourceTree = "<group>"; };
		B6BB714F19E66F8E0001088F /* CJWNetworkActivityIndicator.h */ = {isa = PBXFileReference; fileEncoding = 4; lastKnownFileType = sourcecode.c.h; path = CJWNetworkActivityIndicator.h; sourceTree = "<group>"; };
		B6BB715019E66F8E0001088F /* CJWNetworkActivityIndicator.m */ = {isa = PBXFileReference; fileEncoding = 4; lastKnownFileType = sourcecode.c.objc; path = CJWNetworkActivityIndicator.m; sourceTree = "<group>"; };
		B6BB715119E66F8E0001088F /* CJWProgressHUD.h */ = {isa = PBXFileReference; fileEncoding = 4; lastKnownFileType = sourcecode.c.h; path = CJWProgressHUD.h; sourceTree = "<group>"; };
		B6BB715219E66F8E0001088F /* CJWProgressHUD.m */ = {isa = PBXFileReference; fileEncoding = 4; lastKnownFileType = sourcecode.c.objc; path = CJWProgressHUD.m; sourceTree = "<group>"; };
		B6BB715319E66F8E0001088F /* NSString+Validate.h */ = {isa = PBXFileReference; fileEncoding = 4; lastKnownFileType = sourcecode.c.h; path = "NSString+Validate.h"; sourceTree = "<group>"; };
		B6BB715419E66F8E0001088F /* NSString+Validate.m */ = {isa = PBXFileReference; fileEncoding = 4; lastKnownFileType = sourcecode.c.objc; path = "NSString+Validate.m"; sourceTree = "<group>"; };
		B6BB717719E676340001088F /* MJRefresh.bundle */ = {isa = PBXFileReference; lastKnownFileType = "wrapper.plug-in"; path = MJRefresh.bundle; sourceTree = "<group>"; };
		B6BB717819E676340001088F /* MJRefresh.h */ = {isa = PBXFileReference; fileEncoding = 4; lastKnownFileType = sourcecode.c.h; path = MJRefresh.h; sourceTree = "<group>"; };
		B6BB717919E676340001088F /* MJRefreshBaseView.h */ = {isa = PBXFileReference; fileEncoding = 4; lastKnownFileType = sourcecode.c.h; path = MJRefreshBaseView.h; sourceTree = "<group>"; };
		B6BB717A19E676340001088F /* MJRefreshBaseView.m */ = {isa = PBXFileReference; fileEncoding = 4; lastKnownFileType = sourcecode.c.objc; path = MJRefreshBaseView.m; sourceTree = "<group>"; };
		B6BB717B19E676340001088F /* MJRefreshConst.h */ = {isa = PBXFileReference; fileEncoding = 4; lastKnownFileType = sourcecode.c.h; path = MJRefreshConst.h; sourceTree = "<group>"; };
		B6BB717C19E676340001088F /* MJRefreshConst.m */ = {isa = PBXFileReference; fileEncoding = 4; lastKnownFileType = sourcecode.c.objc; path = MJRefreshConst.m; sourceTree = "<group>"; };
		B6BB717D19E676340001088F /* MJRefreshFooterView.h */ = {isa = PBXFileReference; fileEncoding = 4; lastKnownFileType = sourcecode.c.h; path = MJRefreshFooterView.h; sourceTree = "<group>"; };
		B6BB717E19E676340001088F /* MJRefreshFooterView.m */ = {isa = PBXFileReference; fileEncoding = 4; lastKnownFileType = sourcecode.c.objc; path = MJRefreshFooterView.m; sourceTree = "<group>"; };
		B6BB717F19E676340001088F /* MJRefreshHeaderView.h */ = {isa = PBXFileReference; fileEncoding = 4; lastKnownFileType = sourcecode.c.h; path = MJRefreshHeaderView.h; sourceTree = "<group>"; };
		B6BB718019E676340001088F /* MJRefreshHeaderView.m */ = {isa = PBXFileReference; fileEncoding = 4; lastKnownFileType = sourcecode.c.objc; path = MJRefreshHeaderView.m; sourceTree = "<group>"; };
		B6BB718119E676340001088F /* UIScrollView+MJExtension.h */ = {isa = PBXFileReference; fileEncoding = 4; lastKnownFileType = sourcecode.c.h; path = "UIScrollView+MJExtension.h"; sourceTree = "<group>"; };
		B6BB718219E676340001088F /* UIScrollView+MJExtension.m */ = {isa = PBXFileReference; fileEncoding = 4; lastKnownFileType = sourcecode.c.objc; path = "UIScrollView+MJExtension.m"; sourceTree = "<group>"; };
		B6BB718319E676340001088F /* UIScrollView+MJRefresh.h */ = {isa = PBXFileReference; fileEncoding = 4; lastKnownFileType = sourcecode.c.h; path = "UIScrollView+MJRefresh.h"; sourceTree = "<group>"; };
		B6BB718419E676340001088F /* UIScrollView+MJRefresh.m */ = {isa = PBXFileReference; fileEncoding = 4; lastKnownFileType = sourcecode.c.objc; path = "UIScrollView+MJRefresh.m"; sourceTree = "<group>"; };
		B6BB718519E676340001088F /* UIView+MJExtension.h */ = {isa = PBXFileReference; fileEncoding = 4; lastKnownFileType = sourcecode.c.h; path = "UIView+MJExtension.h"; sourceTree = "<group>"; };
		B6BB718619E676340001088F /* UIView+MJExtension.m */ = {isa = PBXFileReference; fileEncoding = 4; lastKnownFileType = sourcecode.c.objc; path = "UIView+MJExtension.m"; sourceTree = "<group>"; };
		B6BB719019E6774A0001088F /* bitstream.c */ = {isa = PBXFileReference; fileEncoding = 4; lastKnownFileType = sourcecode.c.c; path = bitstream.c; sourceTree = "<group>"; };
		B6BB719119E6774A0001088F /* bitstream.h */ = {isa = PBXFileReference; fileEncoding = 4; lastKnownFileType = sourcecode.c.h; path = bitstream.h; sourceTree = "<group>"; };
		B6BB719219E6774A0001088F /* mask.c */ = {isa = PBXFileReference; fileEncoding = 4; lastKnownFileType = sourcecode.c.c; path = mask.c; sourceTree = "<group>"; };
		B6BB719319E6774A0001088F /* mask.h */ = {isa = PBXFileReference; fileEncoding = 4; lastKnownFileType = sourcecode.c.h; path = mask.h; sourceTree = "<group>"; };
		B6BB719419E6774A0001088F /* QRCodeGenerator.h */ = {isa = PBXFileReference; fileEncoding = 4; lastKnownFileType = sourcecode.c.h; path = QRCodeGenerator.h; sourceTree = "<group>"; };
		B6BB719519E6774A0001088F /* QRCodeGenerator.m */ = {isa = PBXFileReference; fileEncoding = 4; lastKnownFileType = sourcecode.c.objc; path = QRCodeGenerator.m; sourceTree = "<group>"; };
		B6BB719619E6774A0001088F /* qrencode.c */ = {isa = PBXFileReference; fileEncoding = 4; lastKnownFileType = sourcecode.c.c; path = qrencode.c; sourceTree = "<group>"; };
		B6BB719719E6774A0001088F /* qrencode.h */ = {isa = PBXFileReference; fileEncoding = 4; lastKnownFileType = sourcecode.c.h; path = qrencode.h; sourceTree = "<group>"; };
		B6BB719819E6774A0001088F /* qrinput.c */ = {isa = PBXFileReference; fileEncoding = 4; lastKnownFileType = sourcecode.c.c; path = qrinput.c; sourceTree = "<group>"; };
		B6BB719919E6774A0001088F /* qrinput.h */ = {isa = PBXFileReference; fileEncoding = 4; lastKnownFileType = sourcecode.c.h; path = qrinput.h; sourceTree = "<group>"; };
		B6BB719A19E6774A0001088F /* qrspec.c */ = {isa = PBXFileReference; fileEncoding = 4; lastKnownFileType = sourcecode.c.c; path = qrspec.c; sourceTree = "<group>"; };
		B6BB719B19E6774A0001088F /* qrspec.h */ = {isa = PBXFileReference; fileEncoding = 4; lastKnownFileType = sourcecode.c.h; path = qrspec.h; sourceTree = "<group>"; };
		B6BB719C19E6774A0001088F /* rscode.c */ = {isa = PBXFileReference; fileEncoding = 4; lastKnownFileType = sourcecode.c.c; path = rscode.c; sourceTree = "<group>"; };
		B6BB719D19E6774A0001088F /* rscode.h */ = {isa = PBXFileReference; fileEncoding = 4; lastKnownFileType = sourcecode.c.h; path = rscode.h; sourceTree = "<group>"; };
		B6BB719E19E6774A0001088F /* split.c */ = {isa = PBXFileReference; fileEncoding = 4; lastKnownFileType = sourcecode.c.c; path = split.c; sourceTree = "<group>"; };
		B6BB719F19E6774A0001088F /* split.h */ = {isa = PBXFileReference; fileEncoding = 4; lastKnownFileType = sourcecode.c.h; path = split.h; sourceTree = "<group>"; };
		B6BB71A919E678000001088F /* Base64.h */ = {isa = PBXFileReference; fileEncoding = 4; lastKnownFileType = sourcecode.c.h; path = Base64.h; sourceTree = "<group>"; };
		B6BB71AA19E678000001088F /* Base64.m */ = {isa = PBXFileReference; fileEncoding = 4; lastKnownFileType = sourcecode.c.objc; path = Base64.m; sourceTree = "<group>"; };
		B6BB71AB19E678000001088F /* Base64Defines.h */ = {isa = PBXFileReference; fileEncoding = 4; lastKnownFileType = sourcecode.c.h; path = Base64Defines.h; sourceTree = "<group>"; };
		B6BB71AC19E678000001088F /* CJWDesEncrypt.h */ = {isa = PBXFileReference; fileEncoding = 4; lastKnownFileType = sourcecode.c.h; path = CJWDesEncrypt.h; sourceTree = "<group>"; };
		B6BB71AD19E678000001088F /* CJWDesEncrypt.m */ = {isa = PBXFileReference; fileEncoding = 4; lastKnownFileType = sourcecode.c.objc; path = CJWDesEncrypt.m; sourceTree = "<group>"; };
		B6BB71B319E6788D0001088F /* CJWUtils.h */ = {isa = PBXFileReference; lastKnownFileType = sourcecode.c.h; path = CJWUtils.h; sourceTree = "<group>"; };
		B6BB71B519E6823D0001088F /* UIImageView+CJWImage.h */ = {isa = PBXFileReference; fileEncoding = 4; lastKnownFileType = sourcecode.c.h; path = "UIImageView+CJWImage.h"; sourceTree = "<group>"; };
		B6BB71B619E6823D0001088F /* UIImageView+CJWImage.m */ = {isa = PBXFileReference; fileEncoding = 4; lastKnownFileType = sourcecode.c.objc; path = "UIImageView+CJWImage.m"; sourceTree = "<group>"; };
		B6F1C7C019E8CCE9002E459D /* CJWEncode.h */ = {isa = PBXFileReference; fileEncoding = 4; lastKnownFileType = sourcecode.c.h; path = CJWEncode.h; sourceTree = "<group>"; };
		B6F1C7C119E8CCE9002E459D /* CJWEncode.m */ = {isa = PBXFileReference; fileEncoding = 4; lastKnownFileType = sourcecode.c.objc; path = CJWEncode.m; sourceTree = "<group>"; };
		E4A58085B8D647319DB18614 /* libPods-CJWUtils.a */ = {isa = PBXFileReference; explicitFileType = archive.ar; includeInIndex = 0; path = "libPods-CJWUtils.a"; sourceTree = BUILT_PRODUCTS_DIR; };
/* End PBXFileReference section */

/* Begin PBXFrameworksBuildPhase section */
		B6BB711519E659DE0001088F /* Frameworks */ = {
			isa = PBXFrameworksBuildPhase;
			buildActionMask = 2147483647;
			files = (
				8535FD3BFB8249AA95D8689E /* libPods-CJWUtils.a in Frameworks */,
			);
			runOnlyForDeploymentPostprocessing = 0;
		};
		B6BB712E19E659DE0001088F /* Frameworks */ = {
			isa = PBXFrameworksBuildPhase;
			buildActionMask = 2147483647;
			files = (
			);
			runOnlyForDeploymentPostprocessing = 0;
		};
/* End PBXFrameworksBuildPhase section */

/* Begin PBXGroup section */
		B63B8FB819EA50E60075B8A0 /* RNCryptor */ = {
			isa = PBXGroup;
			children = (
				B63B8FB919EA50E60075B8A0 /* RNCryptor+Private.h */,
				B63B8FBA19EA50E60075B8A0 /* RNCryptor-Prefix.pch */,
				B63B8FBB19EA50E60075B8A0 /* RNCryptor.h */,
				B63B8FBC19EA50E60075B8A0 /* RNCryptor.m */,
				B63B8FBD19EA50E60075B8A0 /* RNCryptorEngine.h */,
				B63B8FBE19EA50E60075B8A0 /* RNCryptorEngine.m */,
				B63B8FBF19EA50E60075B8A0 /* RNDecryptor.h */,
				B63B8FC019EA50E60075B8A0 /* RNDecryptor.m */,
				B63B8FC119EA50E60075B8A0 /* RNEncryptor.h */,
				B63B8FC219EA50E60075B8A0 /* RNEncryptor.m */,
			);
			path = RNCryptor;
			sourceTree = "<group>";
		};
		B63B8FDA19EA5F520075B8A0 /* AESCrypt-ObjC-master */ = {
			isa = PBXGroup;
			children = (
				B63B8FDB19EA5F520075B8A0 /* .gitignore */,
				B63B8FDC19EA5F520075B8A0 /* AESCrypt.h */,
				B63B8FDD19EA5F520075B8A0 /* AESCrypt.m */,
				B63B8FDE19EA5F520075B8A0 /* LICENSE */,
				B63B8FDF19EA5F520075B8A0 /* NSData+Base64.h */,
				B63B8FE019EA5F520075B8A0 /* NSData+Base64.m */,
				B63B8FE119EA5F520075B8A0 /* NSData+CommonCrypto.h */,
				B63B8FE219EA5F520075B8A0 /* NSData+CommonCrypto.m */,
				B63B8FE319EA5F520075B8A0 /* NSString+Base64.h */,
				B63B8FE419EA5F520075B8A0 /* NSString+Base64.m */,
				B63B8FE519EA5F520075B8A0 /* README.md */,
			);
			path = "AESCrypt-ObjC-master";
			sourceTree = "<group>";
		};
		B64EDE6019EBA29400B529B5 /* libs */ = {
			isa = PBXGroup;
			children = (
				B694A11019ECF1A500874196 /* Reachability */,
				B64EDE6119EBA2A300B529B5 /* OpenUDID-master */,
			);
			path = libs;
			sourceTree = "<group>";
		};
		B64EDE6119EBA2A300B529B5 /* OpenUDID-master */ = {
			isa = PBXGroup;
			children = (
				B64EDE6219EBA2A300B529B5 /* OpenUDID.h */,
				B64EDE6319EBA2A300B529B5 /* OpenUDID.m */,
				B64EDE6419EBA2A300B529B5 /* README.md */,
			);
			path = "OpenUDID-master";
			sourceTree = "<group>";
		};
		B694A11019ECF1A500874196 /* Reachability */ = {
			isa = PBXGroup;
			children = (
				B694A11119ECF1A500874196 /* Reachability.h */,
				B694A11219ECF1A500874196 /* Reachability.m */,
			);
			path = Reachability;
			sourceTree = "<group>";
		};
		B6A0B1CD19E931D500D44554 /* manager */ = {
			isa = PBXGroup;
			children = (
				B6A0B1CE19E931E800D44554 /* CJWUserManager.h */,
				B6A0B1CF19E931E800D44554 /* CJWUserManager.m */,
			);
			path = manager;
			sourceTree = "<group>";
		};
		B6BB710F19E659DE0001088F = {
			isa = PBXGroup;
			children = (
				B6BB711A19E659DE0001088F /* CJWUtils */,
				B6BB713419E659DE0001088F /* CJWUtilsTests */,
				B6BB711919E659DE0001088F /* Products */,
				4527588CDE644CD4A94FA37F /* Pods-CJWUtils.xcconfig */,
				EE74EBFF45F74355BAAA503E /* Frameworks */,
			);
			sourceTree = "<group>";
		};
		B6BB711919E659DE0001088F /* Products */ = {
			isa = PBXGroup;
			children = (
				B6BB711819E659DE0001088F /* CJWUtils.app */,
				B6BB713119E659DE0001088F /* CJWUtilsTests.xctest */,
			);
			name = Products;
			sourceTree = "<group>";
		};
		B6BB711A19E659DE0001088F /* CJWUtils */ = {
			isa = PBXGroup;
			children = (
				B64EDE6019EBA29400B529B5 /* libs */,
				B6A0B1CD19E931D500D44554 /* manager */,
				B6BB71B419E682130001088F /* UI */,
				B6BB71B219E6787F0001088F /* CJWUtils */,
				B6BB71A819E678000001088F /* encrypt */,
				B6BB718F19E6774A0001088F /* libqrencode */,
				B6BB717619E676340001088F /* MJRefresh */,
				B6BB714119E65E070001088F /* utils */,
				B6BB711F19E659DE0001088F /* AppDelegate.h */,
				B6BB712019E659DE0001088F /* AppDelegate.m */,
				B6BB712219E659DE0001088F /* ViewController.h */,
				B6BB712319E659DE0001088F /* ViewController.m */,
				B6BB712519E659DE0001088F /* Main.storyboard */,
				B6BB712819E659DE0001088F /* Images.xcassets */,
				B6BB712A19E659DE0001088F /* LaunchScreen.xib */,
				B6BB711B19E659DE0001088F /* Supporting Files */,
			);
			path = CJWUtils;
			sourceTree = "<group>";
		};
		B6BB711B19E659DE0001088F /* Supporting Files */ = {
			isa = PBXGroup;
			children = (
				B6BB711C19E659DE0001088F /* Info.plist */,
				B6BB711D19E659DE0001088F /* main.m */,
			);
			name = "Supporting Files";
			sourceTree = "<group>";
		};
		B6BB713419E659DE0001088F /* CJWUtilsTests */ = {
			isa = PBXGroup;
			children = (
				B6BB713719E659DE0001088F /* CJWUtilsTests.m */,
				B6BB713519E659DE0001088F /* Supporting Files */,
			);
			path = CJWUtilsTests;
			sourceTree = "<group>";
		};
		B6BB713519E659DE0001088F /* Supporting Files */ = {
			isa = PBXGroup;
			children = (
				B6BB713619E659DE0001088F /* Info.plist */,
			);
			name = "Supporting Files";
			sourceTree = "<group>";
		};
		B6BB714119E65E070001088F /* utils */ = {
			isa = PBXGroup;
			children = (
				B6B5AA001A0B1324005A96E1 /* AppInfoManager.h */,
				B6B5AA011A0B1324005A96E1 /* AppInfoManager.m */,
				B6BB714919E66F8E0001088F /* CJWAlert.h */,
				B6BB714A19E66F8E0001088F /* CJWAlert.m */,
				B6F1C7C019E8CCE9002E459D /* CJWEncode.h */,
				B6F1C7C119E8CCE9002E459D /* CJWEncode.m */,
				B6BB714B19E66F8E0001088F /* CJWCacheUtils.h */,
				B6BB714C19E66F8E0001088F /* CJWCacheUtils.m */,
				B6BB714D19E66F8E0001088F /* CJWHttpUtils.h */,
				B6BB714E19E66F8E0001088F /* CJWHttpUtils.m */,
				B6BB714F19E66F8E0001088F /* CJWNetworkActivityIndicator.h */,
				B6BB715019E66F8E0001088F /* CJWNetworkActivityIndicator.m */,
				B6BB715119E66F8E0001088F /* CJWProgressHUD.h */,
				B6BB715219E66F8E0001088F /* CJWProgressHUD.m */,
				B6BB715319E66F8E0001088F /* NSString+Validate.h */,
				B6BB715419E66F8E0001088F /* NSString+Validate.m */,
				B6BB714219E65E260001088F /* SDNetworkActivityIndicator.h */,
				B6BB714319E65E260001088F /* SDNetworkActivityIndicator.m */,
				B6B5A9FD1A0B0B48005A96E1 /* CJWVersion.h */,
				B6B5A9FE1A0B0B48005A96E1 /* CJWVersion.m */,
			);
			path = utils;
			sourceTree = "<group>";
		};
		B6BB717619E676340001088F /* MJRefresh */ = {
			isa = PBXGroup;
			children = (
				B6BB717719E676340001088F /* MJRefresh.bundle */,
				B6BB717819E676340001088F /* MJRefresh.h */,
				B6BB717919E676340001088F /* MJRefreshBaseView.h */,
				B6BB717A19E676340001088F /* MJRefreshBaseView.m */,
				B6BB717B19E676340001088F /* MJRefreshConst.h */,
				B6BB717C19E676340001088F /* MJRefreshConst.m */,
				B6BB717D19E676340001088F /* MJRefreshFooterView.h */,
				B6BB717E19E676340001088F /* MJRefreshFooterView.m */,
				B6BB717F19E676340001088F /* MJRefreshHeaderView.h */,
				B6BB718019E676340001088F /* MJRefreshHeaderView.m */,
				B6BB718119E676340001088F /* UIScrollView+MJExtension.h */,
				B6BB718219E676340001088F /* UIScrollView+MJExtension.m */,
				B6BB718319E676340001088F /* UIScrollView+MJRefresh.h */,
				B6BB718419E676340001088F /* UIScrollView+MJRefresh.m */,
				B6BB718519E676340001088F /* UIView+MJExtension.h */,
				B6BB718619E676340001088F /* UIView+MJExtension.m */,
			);
			path = MJRefresh;
			sourceTree = "<group>";
		};
		B6BB718F19E6774A0001088F /* libqrencode */ = {
			isa = PBXGroup;
			children = (
				B6BB719019E6774A0001088F /* bitstream.c */,
				B6BB719119E6774A0001088F /* bitstream.h */,
				B6BB719219E6774A0001088F /* mask.c */,
				B6BB719319E6774A0001088F /* mask.h */,
				B6BB719419E6774A0001088F /* QRCodeGenerator.h */,
				B6BB719519E6774A0001088F /* QRCodeGenerator.m */,
				B6BB719619E6774A0001088F /* qrencode.c */,
				B6BB719719E6774A0001088F /* qrencode.h */,
				B6BB719819E6774A0001088F /* qrinput.c */,
				B6BB719919E6774A0001088F /* qrinput.h */,
				B6BB719A19E6774A0001088F /* qrspec.c */,
				B6BB719B19E6774A0001088F /* qrspec.h */,
				B6BB719C19E6774A0001088F /* rscode.c */,
				B6BB719D19E6774A0001088F /* rscode.h */,
				B6BB719E19E6774A0001088F /* split.c */,
				B6BB719F19E6774A0001088F /* split.h */,
				B62935FD19E7829000EC9E44 /* CJWQRCode.h */,
				B62935FE19E7829000EC9E44 /* CJWQRCode.m */,
			);
			path = libqrencode;
			sourceTree = "<group>";
		};
		B6BB71A819E678000001088F /* encrypt */ = {
			isa = PBXGroup;
			children = (
				B63B8FDA19EA5F520075B8A0 /* AESCrypt-ObjC-master */,
				B63B8FB819EA50E60075B8A0 /* RNCryptor */,
				B6BB71A919E678000001088F /* Base64.h */,
				B6BB71AA19E678000001088F /* Base64.m */,
				B6BB71AB19E678000001088F /* Base64Defines.h */,
				B6BB71AC19E678000001088F /* CJWDesEncrypt.h */,
				B6BB71AD19E678000001088F /* CJWDesEncrypt.m */,
				B68BA24119EB773000F1BF6A /* CJWCrypt.h */,
				B68BA24219EB773000F1BF6A /* CJWCrypt.m */,
			);
			path = encrypt;
			sourceTree = "<group>";
		};
		B6BB71B219E6787F0001088F /* CJWUtils */ = {
			isa = PBXGroup;
			children = (
				B6BB71B319E6788D0001088F /* CJWUtils.h */,
			);
			path = CJWUtils;
			sourceTree = "<group>";
		};
		B6BB71B419E682130001088F /* UI */ = {
			isa = PBXGroup;
			children = (
				B6BB71B519E6823D0001088F /* UIImageView+CJWImage.h */,
				B6BB71B619E6823D0001088F /* UIImageView+CJWImage.m */,
				B629360319E7B24D00EC9E44 /* UITableView+CJWTabelView.h */,
				B629360419E7B24D00EC9E44 /* UITableView+CJWTabelView.m */,
				B6A0B1C319E9201000D44554 /* UIColor+FlatUI.h */,
				B6A0B1C419E9201000D44554 /* UIColor+FlatUI.m */,
				B64D42401A15FD8500ACDCA7 /* UILabel+CJWLabel.h */,
				B64D42411A15FD8500ACDCA7 /* UILabel+CJWLabel.m */,
			);
			path = UI;
			sourceTree = "<group>";
		};
		EE74EBFF45F74355BAAA503E /* Frameworks */ = {
			isa = PBXGroup;
			children = (
				E4A58085B8D647319DB18614 /* libPods-CJWUtils.a */,
			);
			name = Frameworks;
			sourceTree = "<group>";
		};
/* End PBXGroup section */

/* Begin PBXNativeTarget section */
		B6BB711719E659DE0001088F /* CJWUtils */ = {
			isa = PBXNativeTarget;
			buildConfigurationList = B6BB713B19E659DE0001088F /* Build configuration list for PBXNativeTarget "CJWUtils" */;
			buildPhases = (
				62ADAE907B0E4BD2AEA73EE4 /* Check Pods Manifest.lock */,
				B6BB711419E659DE0001088F /* Sources */,
				B6BB711519E659DE0001088F /* Frameworks */,
				B6BB711619E659DE0001088F /* Resources */,
				CBE05AB7AD8F4A4A9AE4882C /* Copy Pods Resources */,
			);
			buildRules = (
			);
			dependencies = (
			);
			name = CJWUtils;
			productName = CJWUtils;
			productReference = B6BB711819E659DE0001088F /* CJWUtils.app */;
			productType = "com.apple.product-type.application";
		};
		B6BB713019E659DE0001088F /* CJWUtilsTests */ = {
			isa = PBXNativeTarget;
			buildConfigurationList = B6BB713E19E659DE0001088F /* Build configuration list for PBXNativeTarget "CJWUtilsTests" */;
			buildPhases = (
				B6BB712D19E659DE0001088F /* Sources */,
				B6BB712E19E659DE0001088F /* Frameworks */,
				B6BB712F19E659DE0001088F /* Resources */,
			);
			buildRules = (
			);
			dependencies = (
				B6BB713319E659DE0001088F /* PBXTargetDependency */,
			);
			name = CJWUtilsTests;
			productName = CJWUtilsTests;
			productReference = B6BB713119E659DE0001088F /* CJWUtilsTests.xctest */;
			productType = "com.apple.product-type.bundle.unit-test";
		};
/* End PBXNativeTarget section */

/* Begin PBXProject section */
		B6BB711019E659DE0001088F /* Project object */ = {
			isa = PBXProject;
			attributes = {
				LastUpgradeCheck = 0600;
				ORGANIZATIONNAME = cen;
				TargetAttributes = {
					B6BB711719E659DE0001088F = {
						CreatedOnToolsVersion = 6.0;
					};
					B6BB713019E659DE0001088F = {
						CreatedOnToolsVersion = 6.0;
						TestTargetID = B6BB711719E659DE0001088F;
					};
				};
			};
			buildConfigurationList = B6BB711319E659DE0001088F /* Build configuration list for PBXProject "CJWUtils" */;
			compatibilityVersion = "Xcode 3.2";
			developmentRegion = English;
			hasScannedForEncodings = 0;
			knownRegions = (
				en,
				Base,
			);
			mainGroup = B6BB710F19E659DE0001088F;
			productRefGroup = B6BB711919E659DE0001088F /* Products */;
			projectDirPath = "";
			projectRoot = "";
			targets = (
				B6BB711719E659DE0001088F /* CJWUtils */,
				B6BB713019E659DE0001088F /* CJWUtilsTests */,
			);
		};
/* End PBXProject section */

/* Begin PBXResourcesBuildPhase section */
		B6BB711619E659DE0001088F /* Resources */ = {
			isa = PBXResourcesBuildPhase;
			buildActionMask = 2147483647;
			files = (
				B63B8FE819EA5F520075B8A0 /* LICENSE in Resources */,
				B63B8FE619EA5F520075B8A0 /* .gitignore in Resources */,
				B6BB712719E659DE0001088F /* Main.storyboard in Resources */,
				B6BB712C19E659DE0001088F /* LaunchScreen.xib in Resources */,
				B6BB718719E676340001088F /* MJRefresh.bundle in Resources */,
				B6BB712919E659DE0001088F /* Images.xcassets in Resources */,
			);
			runOnlyForDeploymentPostprocessing = 0;
		};
		B6BB712F19E659DE0001088F /* Resources */ = {
			isa = PBXResourcesBuildPhase;
			buildActionMask = 2147483647;
			files = (
			);
			runOnlyForDeploymentPostprocessing = 0;
		};
/* End PBXResourcesBuildPhase section */

/* Begin PBXShellScriptBuildPhase section */
		62ADAE907B0E4BD2AEA73EE4 /* Check Pods Manifest.lock */ = {
			isa = PBXShellScriptBuildPhase;
			buildActionMask = 2147483647;
			files = (
			);
			inputPaths = (
			);
			name = "Check Pods Manifest.lock";
			outputPaths = (
			);
			runOnlyForDeploymentPostprocessing = 0;
			shellPath = /bin/sh;
			shellScript = "diff \"${PODS_ROOT}/../Podfile.lock\" \"${PODS_ROOT}/Manifest.lock\" > /dev/null\nif [[ $? != 0 ]] ; then\n    cat << EOM\nerror: The sandbox is not in sync with the Podfile.lock. Run 'pod install' or update your CocoaPods installation.\nEOM\n    exit 1\nfi\n";
			showEnvVarsInLog = 0;
		};
		CBE05AB7AD8F4A4A9AE4882C /* Copy Pods Resources */ = {
			isa = PBXShellScriptBuildPhase;
			buildActionMask = 2147483647;
			files = (
			);
			inputPaths = (
			);
			name = "Copy Pods Resources";
			outputPaths = (
			);
			runOnlyForDeploymentPostprocessing = 0;
			shellPath = /bin/sh;
			shellScript = "\"${SRCROOT}/Pods/Pods-CJWUtils-resources.sh\"\n";
			showEnvVarsInLog = 0;
		};
/* End PBXShellScriptBuildPhase section */

/* Begin PBXSourcesBuildPhase section */
		B6BB711419E659DE0001088F /* Sources */ = {
			isa = PBXSourcesBuildPhase;
			buildActionMask = 2147483647;
			files = (
				B63B8FC619EA50E60075B8A0 /* RNEncryptor.m in Sources */,
				B63B8FE719EA5F520075B8A0 /* AESCrypt.m in Sources */,
				B6BB71AE19E678000001088F /* Base64.m in Sources */,
				B6BB715919E66F8E0001088F /* CJWProgressHUD.m in Sources */,
				B6BB71A619E6774A0001088F /* rscode.c in Sources */,
				B6F1C7C219E8CCE9002E459D /* CJWEncode.m in Sources */,
				B63B8FEB19EA5F520075B8A0 /* NSString+Base64.m in Sources */,
				B68BA24319EB773000F1BF6A /* CJWCrypt.m in Sources */,
				B64D42421A15FD8500ACDCA7 /* UILabel+CJWLabel.m in Sources */,
				B6BB715A19E66F8E0001088F /* NSString+Validate.m in Sources */,
				B6BB718B19E676340001088F /* MJRefreshHeaderView.m in Sources */,
				B6BB71A519E6774A0001088F /* qrspec.c in Sources */,
				B6BB715819E66F8E0001088F /* CJWNetworkActivityIndicator.m in Sources */,
				B6BB718A19E676340001088F /* MJRefreshFooterView.m in Sources */,
				B64EDE6519EBA2A300B529B5 /* OpenUDID.m in Sources */,
				B6BB71AF19E678000001088F /* CJWDesEncrypt.m in Sources */,
				B6BB71A219E6774A0001088F /* QRCodeGenerator.m in Sources */,
				B6BB71A719E6774A0001088F /* split.c in Sources */,
				B6BB715519E66F8E0001088F /* CJWAlert.m in Sources */,
				B6BB715719E66F8E0001088F /* CJWHttpUtils.m in Sources */,
				B6B5AA021A0B1324005A96E1 /* AppInfoManager.m in Sources */,
				B63B8FC519EA50E60075B8A0 /* RNDecryptor.m in Sources */,
				B6BB71A019E6774A0001088F /* bitstream.c in Sources */,
				B629360519E7B24D00EC9E44 /* UITableView+CJWTabelView.m in Sources */,
				B6BB71A419E6774A0001088F /* qrinput.c in Sources */,
				B6BB71A119E6774A0001088F /* mask.c in Sources */,
				B6BB715619E66F8E0001088F /* CJWCacheUtils.m in Sources */,
				B63B8FEC19EA5F520075B8A0 /* README.md in Sources */,
				B6BB718819E676340001088F /* MJRefreshBaseView.m in Sources */,
				B6B5A9FF1A0B0B48005A96E1 /* CJWVersion.m in Sources */,
				B6BB718C19E676340001088F /* UIScrollView+MJExtension.m in Sources */,
				B63B8FC419EA50E60075B8A0 /* RNCryptorEngine.m in Sources */,
				B62935FF19E7829000EC9E44 /* CJWQRCode.m in Sources */,
				B6BB71B719E6823D0001088F /* UIImageView+CJWImage.m in Sources */,
				B6A0B1D019E931E800D44554 /* CJWUserManager.m in Sources */,
				B63B8FC319EA50E60075B8A0 /* RNCryptor.m in Sources */,
				B6BB712419E659DE0001088F /* ViewController.m in Sources */,
				B6A0B1C519E9201000D44554 /* UIColor+FlatUI.m in Sources */,
				B6BB718919E676340001088F /* MJRefreshConst.m in Sources */,
				B63B8FEA19EA5F520075B8A0 /* NSData+CommonCrypto.m in Sources */,
				B6BB718D19E676340001088F /* UIScrollView+MJRefresh.m in Sources */,
				B6BB718E19E676340001088F /* UIView+MJExtension.m in Sources */,
				B6BB712119E659DE0001088F /* AppDelegate.m in Sources */,
				B694A11319ECF1A500874196 /* Reachability.m in Sources */,
				B6BB71A319E6774A0001088F /* qrencode.c in Sources */,
				B63B8FE919EA5F520075B8A0 /* NSData+Base64.m in Sources */,
				B64EDE6619EBA2A300B529B5 /* README.md in Sources */,
				B6BB714419E65E260001088F /* SDNetworkActivityIndicator.m in Sources */,
				B6BB711E19E659DE0001088F /* main.m in Sources */,
			);
			runOnlyForDeploymentPostprocessing = 0;
		};
		B6BB712D19E659DE0001088F /* Sources */ = {
			isa = PBXSourcesBuildPhase;
			buildActionMask = 2147483647;
			files = (
				B6BB713819E659DE0001088F /* CJWUtilsTests.m in Sources */,
			);
			runOnlyForDeploymentPostprocessing = 0;
		};
/* End PBXSourcesBuildPhase section */

/* Begin PBXTargetDependency section */
		B6BB713319E659DE0001088F /* PBXTargetDependency */ = {
			isa = PBXTargetDependency;
			target = B6BB711719E659DE0001088F /* CJWUtils */;
			targetProxy = B6BB713219E659DE0001088F /* PBXContainerItemProxy */;
		};
/* End PBXTargetDependency section */

/* Begin PBXVariantGroup section */
		B6BB712519E659DE0001088F /* Main.storyboard */ = {
			isa = PBXVariantGroup;
			children = (
				B6BB712619E659DE0001088F /* Base */,
			);
			name = Main.storyboard;
			sourceTree = "<group>";
		};
		B6BB712A19E659DE0001088F /* LaunchScreen.xib */ = {
			isa = PBXVariantGroup;
			children = (
				B6BB712B19E659DE0001088F /* Base */,
			);
			name = LaunchScreen.xib;
			sourceTree = "<group>";
		};
/* End PBXVariantGroup section */

/* Begin XCBuildConfiguration section */
		B6BB713919E659DE0001088F /* Debug */ = {
			isa = XCBuildConfiguration;
			buildSettings = {
				ALWAYS_SEARCH_USER_PATHS = NO;
				CLANG_CXX_LANGUAGE_STANDARD = "gnu++0x";
				CLANG_CXX_LIBRARY = "libc++";
				CLANG_ENABLE_MODULES = YES;
				CLANG_ENABLE_OBJC_ARC = YES;
				CLANG_WARN_BOOL_CONVERSION = YES;
				CLANG_WARN_CONSTANT_CONVERSION = YES;
				CLANG_WARN_DIRECT_OBJC_ISA_USAGE = YES_ERROR;
				CLANG_WARN_EMPTY_BODY = YES;
				CLANG_WARN_ENUM_CONVERSION = YES;
				CLANG_WARN_INT_CONVERSION = YES;
				CLANG_WARN_OBJC_ROOT_CLASS = YES_ERROR;
				CLANG_WARN_UNREACHABLE_CODE = YES;
				CLANG_WARN__DUPLICATE_METHOD_MATCH = YES;
				"CODE_SIGN_IDENTITY[sdk=iphoneos*]" = "iPhone Developer";
				COPY_PHASE_STRIP = NO;
				ENABLE_STRICT_OBJC_MSGSEND = YES;
				GCC_C_LANGUAGE_STANDARD = gnu99;
				GCC_DYNAMIC_NO_PIC = NO;
				GCC_OPTIMIZATION_LEVEL = 0;
				GCC_PREPROCESSOR_DEFINITIONS = (
					"DEBUG=1",
					"$(inherited)",
				);
				GCC_SYMBOLS_PRIVATE_EXTERN = NO;
				GCC_WARN_64_TO_32_BIT_CONVERSION = YES;
				GCC_WARN_ABOUT_RETURN_TYPE = YES_ERROR;
				GCC_WARN_UNDECLARED_SELECTOR = YES;
				GCC_WARN_UNINITIALIZED_AUTOS = YES_AGGRESSIVE;
				GCC_WARN_UNUSED_FUNCTION = YES;
				GCC_WARN_UNUSED_VARIABLE = YES;
				IPHONEOS_DEPLOYMENT_TARGET = 8.0;
				MTL_ENABLE_DEBUG_INFO = YES;
				ONLY_ACTIVE_ARCH = YES;
				SDKROOT = iphoneos;
				TARGETED_DEVICE_FAMILY = "1,2";
			};
			name = Debug;
		};
		B6BB713A19E659DE0001088F /* Release */ = {
			isa = XCBuildConfiguration;
			buildSettings = {
				ALWAYS_SEARCH_USER_PATHS = NO;
				CLANG_CXX_LANGUAGE_STANDARD = "gnu++0x";
				CLANG_CXX_LIBRARY = "libc++";
				CLANG_ENABLE_MODULES = YES;
				CLANG_ENABLE_OBJC_ARC = YES;
				CLANG_WARN_BOOL_CONVERSION = YES;
				CLANG_WARN_CONSTANT_CONVERSION = YES;
				CLANG_WARN_DIRECT_OBJC_ISA_USAGE = YES_ERROR;
				CLANG_WARN_EMPTY_BODY = YES;
				CLANG_WARN_ENUM_CONVERSION = YES;
				CLANG_WARN_INT_CONVERSION = YES;
				CLANG_WARN_OBJC_ROOT_CLASS = YES_ERROR;
				CLANG_WARN_UNREACHABLE_CODE = YES;
				CLANG_WARN__DUPLICATE_METHOD_MATCH = YES;
				"CODE_SIGN_IDENTITY[sdk=iphoneos*]" = "iPhone Developer";
				COPY_PHASE_STRIP = YES;
				ENABLE_NS_ASSERTIONS = NO;
				ENABLE_STRICT_OBJC_MSGSEND = YES;
				GCC_C_LANGUAGE_STANDARD = gnu99;
				GCC_WARN_64_TO_32_BIT_CONVERSION = YES;
				GCC_WARN_ABOUT_RETURN_TYPE = YES_ERROR;
				GCC_WARN_UNDECLARED_SELECTOR = YES;
				GCC_WARN_UNINITIALIZED_AUTOS = YES_AGGRESSIVE;
				GCC_WARN_UNUSED_FUNCTION = YES;
				GCC_WARN_UNUSED_VARIABLE = YES;
				IPHONEOS_DEPLOYMENT_TARGET = 8.0;
				MTL_ENABLE_DEBUG_INFO = NO;
				SDKROOT = iphoneos;
				TARGETED_DEVICE_FAMILY = "1,2";
				VALIDATE_PRODUCT = YES;
			};
			name = Release;
		};
		B6BB713C19E659DE0001088F /* Debug */ = {
			isa = XCBuildConfiguration;
			baseConfigurationReference = 4527588CDE644CD4A94FA37F /* Pods-CJWUtils.xcconfig */;
			buildSettings = {
				ASSETCATALOG_COMPILER_APPICON_NAME = AppIcon;
				INFOPLIST_FILE = CJWUtils/Info.plist;
				IPHONEOS_DEPLOYMENT_TARGET = 7.0;
				LD_RUNPATH_SEARCH_PATHS = "$(inherited) @executable_path/Frameworks";
				PRODUCT_NAME = "$(TARGET_NAME)";
			};
			name = Debug;
		};
		B6BB713D19E659DE0001088F /* Release */ = {
			isa = XCBuildConfiguration;
			baseConfigurationReference = 4527588CDE644CD4A94FA37F /* Pods-CJWUtils.xcconfig */;
			buildSettings = {
				ASSETCATALOG_COMPILER_APPICON_NAME = AppIcon;
				INFOPLIST_FILE = CJWUtils/Info.plist;
				IPHONEOS_DEPLOYMENT_TARGET = 7.0;
				LD_RUNPATH_SEARCH_PATHS = "$(inherited) @executable_path/Frameworks";
				PRODUCT_NAME = "$(TARGET_NAME)";
			};
			name = Release;
		};
		B6BB713F19E659DE0001088F /* Debug */ = {
			isa = XCBuildConfiguration;
			buildSettings = {
				BUNDLE_LOADER = "$(TEST_HOST)";
				FRAMEWORK_SEARCH_PATHS = (
					"$(SDKROOT)/Developer/Library/Frameworks",
					"$(inherited)",
				);
				GCC_PREPROCESSOR_DEFINITIONS = (
					"DEBUG=1",
					"$(inherited)",
				);
				INFOPLIST_FILE = CJWUtilsTests/Info.plist;
				LD_RUNPATH_SEARCH_PATHS = "$(inherited) @executable_path/Frameworks @loader_path/Frameworks";
				PRODUCT_NAME = "$(TARGET_NAME)";
				TEST_HOST = "$(BUILT_PRODUCTS_DIR)/CJWUtils.app/CJWUtils";
			};
			name = Debug;
		};
		B6BB714019E659DE0001088F /* Release */ = {
			isa = XCBuildConfiguration;
			buildSettings = {
				BUNDLE_LOADER = "$(TEST_HOST)";
				FRAMEWORK_SEARCH_PATHS = (
					"$(SDKROOT)/Developer/Library/Frameworks",
					"$(inherited)",
				);
				INFOPLIST_FILE = CJWUtilsTests/Info.plist;
				LD_RUNPATH_SEARCH_PATHS = "$(inherited) @executable_path/Frameworks @loader_path/Frameworks";
				PRODUCT_NAME = "$(TARGET_NAME)";
				TEST_HOST = "$(BUILT_PRODUCTS_DIR)/CJWUtils.app/CJWUtils";
			};
			name = Release;
		};
/* End XCBuildConfiguration section */

/* Begin XCConfigurationList section */
		B6BB711319E659DE0001088F /* Build configuration list for PBXProject "CJWUtils" */ = {
			isa = XCConfigurationList;
			buildConfigurations = (
				B6BB713919E659DE0001088F /* Debug */,
				B6BB713A19E659DE0001088F /* Release */,
			);
			defaultConfigurationIsVisible = 0;
			defaultConfigurationName = Release;
		};
		B6BB713B19E659DE0001088F /* Build configuration list for PBXNativeTarget "CJWUtils" */ = {
			isa = XCConfigurationList;
			buildConfigurations = (
				B6BB713C19E659DE0001088F /* Debug */,
				B6BB713D19E659DE0001088F /* Release */,
			);
			defaultConfigurationIsVisible = 0;
			defaultConfigurationName = Release;
		};
		B6BB713E19E659DE0001088F /* Build configuration list for PBXNativeTarget "CJWUtilsTests" */ = {
			isa = XCConfigurationList;
			buildConfigurations = (
				B6BB713F19E659DE0001088F /* Debug */,
				B6BB714019E659DE0001088F /* Release */,
			);
			defaultConfigurationIsVisible = 0;
			defaultConfigurationName = Release;
		};
/* End XCConfigurationList section */
	};
	rootObject = B6BB711019E659DE0001088F /* Project object */;
}
